// !$*UTF8*$!
{
	archiveVersion = 1;
	classes = {
	};
	objectVersion = 56;
	objects = {

/* Begin PBXBuildFile section */
		F72BF7072BE5255000FC9AD2 /* ChooseDataViewController.swift in Sources */ = {isa = PBXBuildFile; fileRef = F72BF7062BE5255000FC9AD2 /* ChooseDataViewController.swift */; };
		F7365F5A2BE2A5BF006A0A9B /* TabBarController.swift in Sources */ = {isa = PBXBuildFile; fileRef = F7365F592BE2A5BF006A0A9B /* TabBarController.swift */; };
		F7639AB72BE4E46500507D75 /* MainVCModel.swift in Sources */ = {isa = PBXBuildFile; fileRef = F7639AB62BE4E46500507D75 /* MainVCModel.swift */; };
		F76A0AE42BD1A2EF008E761B /* AppDelegate.swift in Sources */ = {isa = PBXBuildFile; fileRef = F76A0AE32BD1A2EF008E761B /* AppDelegate.swift */; };
		F76A0AE62BD1A2EF008E761B /* SceneDelegate.swift in Sources */ = {isa = PBXBuildFile; fileRef = F76A0AE52BD1A2EF008E761B /* SceneDelegate.swift */; };
		F76A0AE82BD1A2EF008E761B /* MainViewController.swift in Sources */ = {isa = PBXBuildFile; fileRef = F76A0AE72BD1A2EF008E761B /* MainViewController.swift */; };
		F76A0AEB2BD1A2EF008E761B /* Main.storyboard in Resources */ = {isa = PBXBuildFile; fileRef = F76A0AE92BD1A2EF008E761B /* Main.storyboard */; };
		F76A0AED2BD1A2F0008E761B /* Assets.xcassets in Resources */ = {isa = PBXBuildFile; fileRef = F76A0AEC2BD1A2F0008E761B /* Assets.xcassets */; };
		F76A0AF02BD1A2F0008E761B /* LaunchScreen.storyboard in Resources */ = {isa = PBXBuildFile; fileRef = F76A0AEE2BD1A2F0008E761B /* LaunchScreen.storyboard */; };
		F76A0B142BD29CB4008E761B /* AccountsCollectionViewCell.swift in Sources */ = {isa = PBXBuildFile; fileRef = F76A0B132BD29CB4008E761B /* AccountsCollectionViewCell.swift */; };
		F76A0B162BD29D70008E761B /* CellItem.swift in Sources */ = {isa = PBXBuildFile; fileRef = F76A0B152BD29D70008E761B /* CellItem.swift */; };
		F76A0B1A2BD5BFC9008E761B /* Resources.swift in Sources */ = {isa = PBXBuildFile; fileRef = F76A0B192BD5BFC9008E761B /* Resources.swift */; };
		F76A0B1C2BD69E56008E761B /* LastRecordsTableViewCell.swift in Sources */ = {isa = PBXBuildFile; fileRef = F76A0B1B2BD69E56008E761B /* LastRecordsTableViewCell.swift */; };
		F76A0B1E2BDA9579008E761B /* LastRecordsCollectionViewCell.swift in Sources */ = {isa = PBXBuildFile; fileRef = F76A0B1D2BDA9578008E761B /* LastRecordsCollectionViewCell.swift */; };
		F76A0B202BDA959C008E761B /* CashFlowCollectionViewCell.swift in Sources */ = {isa = PBXBuildFile; fileRef = F76A0B1F2BDA959C008E761B /* CashFlowCollectionViewCell.swift */; };
		F76A0B222BDA95B4008E761B /* TopExpensesCollectionViewCell.swift in Sources */ = {isa = PBXBuildFile; fileRef = F76A0B212BDA95B4008E761B /* TopExpensesCollectionViewCell.swift */; };
		F76A0B242BDA9662008E761B /* UIView+StringToNSAttrString.swift in Sources */ = {isa = PBXBuildFile; fileRef = F76A0B232BDA9662008E761B /* UIView+StringToNSAttrString.swift */; };
		F76A0B262BDAA04C008E761B /* AccountsAddCollectionViewCell.swift in Sources */ = {isa = PBXBuildFile; fileRef = F76A0B252BDAA04C008E761B /* AccountsAddCollectionViewCell.swift */; };
		F76A0B392BDC4D85008E761B /* CashFlowViewController.swift in Sources */ = {isa = PBXBuildFile; fileRef = F76A0B382BDC4D85008E761B /* CashFlowViewController.swift */; };
		F76A0B3B2BDC4DA1008E761B /* LastRecordsViewController.swift in Sources */ = {isa = PBXBuildFile; fileRef = F76A0B3A2BDC4DA1008E761B /* LastRecordsViewController.swift */; };
		F76A0B3D2BDC4DB5008E761B /* TopExpensesViewController.swift in Sources */ = {isa = PBXBuildFile; fileRef = F76A0B3C2BDC4DB5008E761B /* TopExpensesViewController.swift */; };
		F76A0B3F2BDC6D60008E761B /* HeaderView.swift in Sources */ = {isa = PBXBuildFile; fileRef = F76A0B3E2BDC6D60008E761B /* HeaderView.swift */; };
		F76A0B452BDD4502008E761B /* ChangeBalanceViewController.swift in Sources */ = {isa = PBXBuildFile; fileRef = F76A0B442BDD4502008E761B /* ChangeBalanceViewController.swift */; };
		F76A0B472BDD7224008E761B /* ChangeBalanceTableViewCell.swift in Sources */ = {isa = PBXBuildFile; fileRef = F76A0B462BDD7224008E761B /* ChangeBalanceTableViewCell.swift */; };
		F76A0B492BDFE84E008E761B /* ChangeBalanceDateTableViewCell.swift in Sources */ = {isa = PBXBuildFile; fileRef = F76A0B482BDFE84E008E761B /* ChangeBalanceDateTableViewCell.swift */; };
		F76A0B4B2BE0605E008E761B /* CategoryViewController.swift in Sources */ = {isa = PBXBuildFile; fileRef = F76A0B4A2BE0605E008E761B /* CategoryViewController.swift */; };
		F76A0B4D2BE1130B008E761B /* StatisticsViewController.swift in Sources */ = {isa = PBXBuildFile; fileRef = F76A0B4C2BE1130B008E761B /* StatisticsViewController.swift */; };
		F76A0B4F2BE114DB008E761B /* StatisticsCollectionViewCell.swift in Sources */ = {isa = PBXBuildFile; fileRef = F76A0B4E2BE114DB008E761B /* StatisticsCollectionViewCell.swift */; };
		F76D33232BE50A2B0056C1DA /* SettingsAccountViewController.swift in Sources */ = {isa = PBXBuildFile; fileRef = F76D33222BE50A2B0056C1DA /* SettingsAccountViewController.swift */; };
		F784DC802BE96A310074B855 /* ChooseAccountViewController.swift in Sources */ = {isa = PBXBuildFile; fileRef = F784DC7F2BE96A310074B855 /* ChooseAccountViewController.swift */; };
		F7A31CF52BE97FCD0076AC50 /* UIViewController+AlertVC.swift in Sources */ = {isa = PBXBuildFile; fileRef = F7A31CF42BE97FCD0076AC50 /* UIViewController+AlertVC.swift */; };
		F7BD1DC12BE6C7ED007CEA09 /* CurrencyViewController.swift in Sources */ = {isa = PBXBuildFile; fileRef = F7BD1DC02BE6C7ED007CEA09 /* CurrencyViewController.swift */; };
		F7BD1DC32BE6CD44007CEA09 /* AccountTypeViewController.swift in Sources */ = {isa = PBXBuildFile; fileRef = F7BD1DC22BE6CD44007CEA09 /* AccountTypeViewController.swift */; };
		F7BD1DC52BE8B679007CEA09 /* CustomKeyboardViewController.swift in Sources */ = {isa = PBXBuildFile; fileRef = F7BD1DC42BE8B679007CEA09 /* CustomKeyboardViewController.swift */; };
		F7DE96772BF2765400AF7373 /* AllExpensesCollectionViewCell.swift in Sources */ = {isa = PBXBuildFile; fileRef = F7DE96762BF2765400AF7373 /* AllExpensesCollectionViewCell.swift */; };
		F7DE96792BF27A1E00AF7373 /* SegmentControlView.swift in Sources */ = {isa = PBXBuildFile; fileRef = F7DE96782BF27A1E00AF7373 /* SegmentControlView.swift */; };
		F7DE967B2BF3ABEA00AF7373 /* UserDefaultsManager.swift in Sources */ = {isa = PBXBuildFile; fileRef = F7DE967A2BF3ABEA00AF7373 /* UserDefaultsManager.swift */; };
		F7DE967D2BF3DB6600AF7373 /* SetFirstMoneyViewController.swift in Sources */ = {isa = PBXBuildFile; fileRef = F7DE967C2BF3DB6600AF7373 /* SetFirstMoneyViewController.swift */; };
		F7EAB6522BE9555F00992D1D /* FirstBalanceViewController.swift in Sources */ = {isa = PBXBuildFile; fileRef = F7EAB6512BE9555F00992D1D /* FirstBalanceViewController.swift */; };
/* End PBXBuildFile section */

/* Begin PBXContainerItemProxy section */
		F76A0AF72BD1A2F0008E761B /* PBXContainerItemProxy */ = {
			isa = PBXContainerItemProxy;
			containerPortal = F76A0AD82BD1A2EF008E761B /* Project object */;
			proxyType = 1;
			remoteGlobalIDString = F76A0ADF2BD1A2EF008E761B;
			remoteInfo = "WalletBudget&Money";
		};
		F76A0B012BD1A2F0008E761B /* PBXContainerItemProxy */ = {
			isa = PBXContainerItemProxy;
			containerPortal = F76A0AD82BD1A2EF008E761B /* Project object */;
			proxyType = 1;
			remoteGlobalIDString = F76A0ADF2BD1A2EF008E761B;
			remoteInfo = "WalletBudget&Money";
		};
/* End PBXContainerItemProxy section */

/* Begin PBXFileReference section */
		F72BF7062BE5255000FC9AD2 /* ChooseDataViewController.swift */ = {isa = PBXFileReference; lastKnownFileType = sourcecode.swift; path = ChooseDataViewController.swift; sourceTree = "<group>"; };
		F7365F592BE2A5BF006A0A9B /* TabBarController.swift */ = {isa = PBXFileReference; lastKnownFileType = sourcecode.swift; path = TabBarController.swift; sourceTree = "<group>"; };
		F7639AB62BE4E46500507D75 /* MainVCModel.swift */ = {isa = PBXFileReference; lastKnownFileType = sourcecode.swift; path = MainVCModel.swift; sourceTree = "<group>"; };
		F76A0AE02BD1A2EF008E761B /* WalletBudgetAndMoney.app */ = {isa = PBXFileReference; explicitFileType = wrapper.application; includeInIndex = 0; path = WalletBudgetAndMoney.app; sourceTree = BUILT_PRODUCTS_DIR; };
		F76A0AE32BD1A2EF008E761B /* AppDelegate.swift */ = {isa = PBXFileReference; lastKnownFileType = sourcecode.swift; path = AppDelegate.swift; sourceTree = "<group>"; };
		F76A0AE52BD1A2EF008E761B /* SceneDelegate.swift */ = {isa = PBXFileReference; lastKnownFileType = sourcecode.swift; path = SceneDelegate.swift; sourceTree = "<group>"; };
		F76A0AE72BD1A2EF008E761B /* MainViewController.swift */ = {isa = PBXFileReference; lastKnownFileType = sourcecode.swift; path = MainViewController.swift; sourceTree = "<group>"; };
		F76A0AEA2BD1A2EF008E761B /* Base */ = {isa = PBXFileReference; lastKnownFileType = file.storyboard; name = Base; path = Base.lproj/Main.storyboard; sourceTree = "<group>"; };
		F76A0AEC2BD1A2F0008E761B /* Assets.xcassets */ = {isa = PBXFileReference; lastKnownFileType = folder.assetcatalog; path = Assets.xcassets; sourceTree = "<group>"; };
		F76A0AEF2BD1A2F0008E761B /* Base */ = {isa = PBXFileReference; lastKnownFileType = file.storyboard; name = Base; path = Base.lproj/LaunchScreen.storyboard; sourceTree = "<group>"; };
		F76A0AF12BD1A2F0008E761B /* Info.plist */ = {isa = PBXFileReference; lastKnownFileType = text.plist.xml; path = Info.plist; sourceTree = "<group>"; };
		F76A0AF62BD1A2F0008E761B /* WalletBudgetAndMoneyTests.xctest */ = {isa = PBXFileReference; explicitFileType = wrapper.cfbundle; includeInIndex = 0; path = WalletBudgetAndMoneyTests.xctest; sourceTree = BUILT_PRODUCTS_DIR; };
		F76A0B002BD1A2F0008E761B /* WalletBudgetAndMoneyUITests.xctest */ = {isa = PBXFileReference; explicitFileType = wrapper.cfbundle; includeInIndex = 0; path = WalletBudgetAndMoneyUITests.xctest; sourceTree = BUILT_PRODUCTS_DIR; };
		F76A0B132BD29CB4008E761B /* AccountsCollectionViewCell.swift */ = {isa = PBXFileReference; lastKnownFileType = sourcecode.swift; path = AccountsCollectionViewCell.swift; sourceTree = "<group>"; };
		F76A0B152BD29D70008E761B /* CellItem.swift */ = {isa = PBXFileReference; lastKnownFileType = sourcecode.swift; path = CellItem.swift; sourceTree = "<group>"; };
		F76A0B192BD5BFC9008E761B /* Resources.swift */ = {isa = PBXFileReference; lastKnownFileType = sourcecode.swift; path = Resources.swift; sourceTree = "<group>"; };
		F76A0B1B2BD69E56008E761B /* LastRecordsTableViewCell.swift */ = {isa = PBXFileReference; lastKnownFileType = sourcecode.swift; path = LastRecordsTableViewCell.swift; sourceTree = "<group>"; };
		F76A0B1D2BDA9578008E761B /* LastRecordsCollectionViewCell.swift */ = {isa = PBXFileReference; lastKnownFileType = sourcecode.swift; path = LastRecordsCollectionViewCell.swift; sourceTree = "<group>"; };
		F76A0B1F2BDA959C008E761B /* CashFlowCollectionViewCell.swift */ = {isa = PBXFileReference; lastKnownFileType = sourcecode.swift; path = CashFlowCollectionViewCell.swift; sourceTree = "<group>"; };
		F76A0B212BDA95B4008E761B /* TopExpensesCollectionViewCell.swift */ = {isa = PBXFileReference; lastKnownFileType = sourcecode.swift; path = TopExpensesCollectionViewCell.swift; sourceTree = "<group>"; };
		F76A0B232BDA9662008E761B /* UIView+StringToNSAttrString.swift */ = {isa = PBXFileReference; lastKnownFileType = sourcecode.swift; path = "UIView+StringToNSAttrString.swift"; sourceTree = "<group>"; };
		F76A0B252BDAA04C008E761B /* AccountsAddCollectionViewCell.swift */ = {isa = PBXFileReference; lastKnownFileType = sourcecode.swift; path = AccountsAddCollectionViewCell.swift; sourceTree = "<group>"; };
		F76A0B382BDC4D85008E761B /* CashFlowViewController.swift */ = {isa = PBXFileReference; lastKnownFileType = sourcecode.swift; path = CashFlowViewController.swift; sourceTree = "<group>"; };
		F76A0B3A2BDC4DA1008E761B /* LastRecordsViewController.swift */ = {isa = PBXFileReference; lastKnownFileType = sourcecode.swift; path = LastRecordsViewController.swift; sourceTree = "<group>"; };
		F76A0B3C2BDC4DB5008E761B /* TopExpensesViewController.swift */ = {isa = PBXFileReference; lastKnownFileType = sourcecode.swift; path = TopExpensesViewController.swift; sourceTree = "<group>"; };
		F76A0B3E2BDC6D60008E761B /* HeaderView.swift */ = {isa = PBXFileReference; lastKnownFileType = sourcecode.swift; path = HeaderView.swift; sourceTree = "<group>"; };
		F76A0B442BDD4502008E761B /* ChangeBalanceViewController.swift */ = {isa = PBXFileReference; lastKnownFileType = sourcecode.swift; path = ChangeBalanceViewController.swift; sourceTree = "<group>"; };
		F76A0B462BDD7224008E761B /* ChangeBalanceTableViewCell.swift */ = {isa = PBXFileReference; lastKnownFileType = sourcecode.swift; path = ChangeBalanceTableViewCell.swift; sourceTree = "<group>"; };
		F76A0B482BDFE84E008E761B /* ChangeBalanceDateTableViewCell.swift */ = {isa = PBXFileReference; lastKnownFileType = sourcecode.swift; path = ChangeBalanceDateTableViewCell.swift; sourceTree = "<group>"; };
		F76A0B4A2BE0605E008E761B /* CategoryViewController.swift */ = {isa = PBXFileReference; lastKnownFileType = sourcecode.swift; path = CategoryViewController.swift; sourceTree = "<group>"; };
		F76A0B4C2BE1130B008E761B /* StatisticsViewController.swift */ = {isa = PBXFileReference; lastKnownFileType = sourcecode.swift; path = StatisticsViewController.swift; sourceTree = "<group>"; };
		F76A0B4E2BE114DB008E761B /* StatisticsCollectionViewCell.swift */ = {isa = PBXFileReference; lastKnownFileType = sourcecode.swift; path = StatisticsCollectionViewCell.swift; sourceTree = "<group>"; };
		F76D33222BE50A2B0056C1DA /* SettingsAccountViewController.swift */ = {isa = PBXFileReference; lastKnownFileType = sourcecode.swift; path = SettingsAccountViewController.swift; sourceTree = "<group>"; };
		F784DC7F2BE96A310074B855 /* ChooseAccountViewController.swift */ = {isa = PBXFileReference; lastKnownFileType = sourcecode.swift; path = ChooseAccountViewController.swift; sourceTree = "<group>"; };
		F7A31CF42BE97FCD0076AC50 /* UIViewController+AlertVC.swift */ = {isa = PBXFileReference; lastKnownFileType = sourcecode.swift; path = "UIViewController+AlertVC.swift"; sourceTree = "<group>"; };
		F7BD1DC02BE6C7ED007CEA09 /* CurrencyViewController.swift */ = {isa = PBXFileReference; lastKnownFileType = sourcecode.swift; path = CurrencyViewController.swift; sourceTree = "<group>"; };
		F7BD1DC22BE6CD44007CEA09 /* AccountTypeViewController.swift */ = {isa = PBXFileReference; lastKnownFileType = sourcecode.swift; path = AccountTypeViewController.swift; sourceTree = "<group>"; };
		F7BD1DC42BE8B679007CEA09 /* CustomKeyboardViewController.swift */ = {isa = PBXFileReference; lastKnownFileType = sourcecode.swift; path = CustomKeyboardViewController.swift; sourceTree = "<group>"; };
		F7DE96762BF2765400AF7373 /* AllExpensesCollectionViewCell.swift */ = {isa = PBXFileReference; lastKnownFileType = sourcecode.swift; path = AllExpensesCollectionViewCell.swift; sourceTree = "<group>"; };
		F7DE96782BF27A1E00AF7373 /* SegmentControlView.swift */ = {isa = PBXFileReference; lastKnownFileType = sourcecode.swift; path = SegmentControlView.swift; sourceTree = "<group>"; };
		F7DE967A2BF3ABEA00AF7373 /* UserDefaultsManager.swift */ = {isa = PBXFileReference; lastKnownFileType = sourcecode.swift; path = UserDefaultsManager.swift; sourceTree = "<group>"; };
		F7DE967C2BF3DB6600AF7373 /* SetFirstMoneyViewController.swift */ = {isa = PBXFileReference; lastKnownFileType = sourcecode.swift; path = SetFirstMoneyViewController.swift; sourceTree = "<group>"; };
		F7EAB6512BE9555F00992D1D /* FirstBalanceViewController.swift */ = {isa = PBXFileReference; lastKnownFileType = sourcecode.swift; path = FirstBalanceViewController.swift; sourceTree = "<group>"; };
/* End PBXFileReference section */

/* Begin PBXFrameworksBuildPhase section */
		F76A0ADD2BD1A2EF008E761B /* Frameworks */ = {
			isa = PBXFrameworksBuildPhase;
			buildActionMask = 2147483647;
			files = (
			);
			runOnlyForDeploymentPostprocessing = 0;
		};
		F76A0AF32BD1A2F0008E761B /* Frameworks */ = {
			isa = PBXFrameworksBuildPhase;
			buildActionMask = 2147483647;
			files = (
			);
			runOnlyForDeploymentPostprocessing = 0;
		};
		F76A0AFD2BD1A2F0008E761B /* Frameworks */ = {
			isa = PBXFrameworksBuildPhase;
			buildActionMask = 2147483647;
			files = (
			);
			runOnlyForDeploymentPostprocessing = 0;
		};
/* End PBXFrameworksBuildPhase section */

/* Begin PBXGroup section */
		F7365F5B2BE2B2AA006A0A9B /* Cells */ = {
			isa = PBXGroup;
			children = (
				F76A0B462BDD7224008E761B /* ChangeBalanceTableViewCell.swift */,
				F76A0B4E2BE114DB008E761B /* StatisticsCollectionViewCell.swift */,
				F76A0B482BDFE84E008E761B /* ChangeBalanceDateTableViewCell.swift */,
				F76A0B252BDAA04C008E761B /* AccountsAddCollectionViewCell.swift */,
				F76A0B132BD29CB4008E761B /* AccountsCollectionViewCell.swift */,
				F76A0B212BDA95B4008E761B /* TopExpensesCollectionViewCell.swift */,
				F7DE96762BF2765400AF7373 /* AllExpensesCollectionViewCell.swift */,
				F76A0B1D2BDA9578008E761B /* LastRecordsCollectionViewCell.swift */,
				F76A0B1F2BDA959C008E761B /* CashFlowCollectionViewCell.swift */,
				F76A0B1B2BD69E56008E761B /* LastRecordsTableViewCell.swift */,
			);
			path = Cells;
			sourceTree = "<group>";
		};
		F7365F5C2BE2B2D0006A0A9B /* Views */ = {
			isa = PBXGroup;
			children = (
				F7365F5B2BE2B2AA006A0A9B /* Cells */,
				F76A0B3E2BDC6D60008E761B /* HeaderView.swift */,
				F7DE96782BF27A1E00AF7373 /* SegmentControlView.swift */,
			);
			path = Views;
			sourceTree = "<group>";
		};
		F76A0AD72BD1A2EF008E761B = {
			isa = PBXGroup;
			children = (
				F76A0AE22BD1A2EF008E761B /* WalletBudgetAndMoney */,
				F76A0AE12BD1A2EF008E761B /* Products */,
			);
			sourceTree = "<group>";
		};
		F76A0AE12BD1A2EF008E761B /* Products */ = {
			isa = PBXGroup;
			children = (
				F76A0AE02BD1A2EF008E761B /* WalletBudgetAndMoney.app */,
				F76A0AF62BD1A2F0008E761B /* WalletBudgetAndMoneyTests.xctest */,
				F76A0B002BD1A2F0008E761B /* WalletBudgetAndMoneyUITests.xctest */,
			);
			name = Products;
			sourceTree = "<group>";
		};
		F76A0AE22BD1A2EF008E761B /* WalletBudgetAndMoney */ = {
			isa = PBXGroup;
			children = (
				F76A0AE32BD1A2EF008E761B /* AppDelegate.swift */,
				F76A0AE52BD1A2EF008E761B /* SceneDelegate.swift */,
				F76A0B402BDD442A008E761B /* Model */,
				F7365F5C2BE2B2D0006A0A9B /* Views */,
				F76A0B412BDD443D008E761B /* Controllers */,
				F76A0B432BDD4474008E761B /* Resources+Help */,
				F76A0AE92BD1A2EF008E761B /* Main.storyboard */,
				F76A0AEC2BD1A2F0008E761B /* Assets.xcassets */,
				F76A0AEE2BD1A2F0008E761B /* LaunchScreen.storyboard */,
				F76A0AF12BD1A2F0008E761B /* Info.plist */,
			);
			path = WalletBudgetAndMoney;
			sourceTree = "<group>";
		};
		F76A0B402BDD442A008E761B /* Model */ = {
			isa = PBXGroup;
			children = (
				F7639AB62BE4E46500507D75 /* MainVCModel.swift */,
				F7DE967A2BF3ABEA00AF7373 /* UserDefaultsManager.swift */,
			);
			path = Model;
			sourceTree = "<group>";
		};
		F76A0B412BDD443D008E761B /* Controllers */ = {
			isa = PBXGroup;
			children = (
				F76A0AE72BD1A2EF008E761B /* MainViewController.swift */,
				F7365F592BE2A5BF006A0A9B /* TabBarController.swift */,
				F76A0B382BDC4D85008E761B /* CashFlowViewController.swift */,
				F76A0B3A2BDC4DA1008E761B /* LastRecordsViewController.swift */,
				F76A0B442BDD4502008E761B /* ChangeBalanceViewController.swift */,
				F76A0B4C2BE1130B008E761B /* StatisticsViewController.swift */,
				F76A0B4A2BE0605E008E761B /* CategoryViewController.swift */,
				F76A0B3C2BDC4DB5008E761B /* TopExpensesViewController.swift */,
				F76D33222BE50A2B0056C1DA /* SettingsAccountViewController.swift */,
				F72BF7062BE5255000FC9AD2 /* ChooseDataViewController.swift */,
				F7BD1DC02BE6C7ED007CEA09 /* CurrencyViewController.swift */,
				F7BD1DC22BE6CD44007CEA09 /* AccountTypeViewController.swift */,
				F7EAB6512BE9555F00992D1D /* FirstBalanceViewController.swift */,
				F7BD1DC42BE8B679007CEA09 /* CustomKeyboardViewController.swift */,
				F784DC7F2BE96A310074B855 /* ChooseAccountViewController.swift */,
				F7DE967C2BF3DB6600AF7373 /* SetFirstMoneyViewController.swift */,
			);
			path = Controllers;
			sourceTree = "<group>";
		};
		F76A0B432BDD4474008E761B /* Resources+Help */ = {
			isa = PBXGroup;
			children = (
				F76A0B232BDA9662008E761B /* UIView+StringToNSAttrString.swift */,
				F7A31CF42BE97FCD0076AC50 /* UIViewController+AlertVC.swift */,
				F76A0B152BD29D70008E761B /* CellItem.swift */,
				F76A0B192BD5BFC9008E761B /* Resources.swift */,
			);
			path = "Resources+Help";
			sourceTree = "<group>";
		};
/* End PBXGroup section */

/* Begin PBXNativeTarget section */
		F76A0ADF2BD1A2EF008E761B /* WalletBudgetAndMoney */ = {
			isa = PBXNativeTarget;
			buildConfigurationList = F76A0B0A2BD1A2F0008E761B /* Build configuration list for PBXNativeTarget "WalletBudgetAndMoney" */;
			buildPhases = (
				F76A0ADC2BD1A2EF008E761B /* Sources */,
				F76A0ADD2BD1A2EF008E761B /* Frameworks */,
				F76A0ADE2BD1A2EF008E761B /* Resources */,
			);
			buildRules = (
			);
			dependencies = (
			);
			name = WalletBudgetAndMoney;
			productName = "WalletBudget&Money";
			productReference = F76A0AE02BD1A2EF008E761B /* WalletBudgetAndMoney.app */;
			productType = "com.apple.product-type.application";
		};
		F76A0AF52BD1A2F0008E761B /* WalletBudgetAndMoneyTests */ = {
			isa = PBXNativeTarget;
			buildConfigurationList = F76A0B0D2BD1A2F0008E761B /* Build configuration list for PBXNativeTarget "WalletBudgetAndMoneyTests" */;
			buildPhases = (
				F76A0AF22BD1A2F0008E761B /* Sources */,
				F76A0AF32BD1A2F0008E761B /* Frameworks */,
				F76A0AF42BD1A2F0008E761B /* Resources */,
			);
			buildRules = (
			);
			dependencies = (
				F76A0AF82BD1A2F0008E761B /* PBXTargetDependency */,
			);
			name = WalletBudgetAndMoneyTests;
			productName = "WalletBudget&MoneyTests";
			productReference = F76A0AF62BD1A2F0008E761B /* WalletBudgetAndMoneyTests.xctest */;
			productType = "com.apple.product-type.bundle.unit-test";
		};
		F76A0AFF2BD1A2F0008E761B /* WalletBudgetAndMoneyUITests */ = {
			isa = PBXNativeTarget;
			buildConfigurationList = F76A0B102BD1A2F0008E761B /* Build configuration list for PBXNativeTarget "WalletBudgetAndMoneyUITests" */;
			buildPhases = (
				F76A0AFC2BD1A2F0008E761B /* Sources */,
				F76A0AFD2BD1A2F0008E761B /* Frameworks */,
				F76A0AFE2BD1A2F0008E761B /* Resources */,
			);
			buildRules = (
			);
			dependencies = (
				F76A0B022BD1A2F0008E761B /* PBXTargetDependency */,
			);
			name = WalletBudgetAndMoneyUITests;
			productName = "WalletBudget&MoneyUITests";
			productReference = F76A0B002BD1A2F0008E761B /* WalletBudgetAndMoneyUITests.xctest */;
			productType = "com.apple.product-type.bundle.ui-testing";
		};
/* End PBXNativeTarget section */

/* Begin PBXProject section */
		F76A0AD82BD1A2EF008E761B /* Project object */ = {
			isa = PBXProject;
			attributes = {
				BuildIndependentTargetsInParallel = 1;
				LastSwiftUpdateCheck = 1520;
				LastUpgradeCheck = 1520;
				TargetAttributes = {
					F76A0ADF2BD1A2EF008E761B = {
						CreatedOnToolsVersion = 15.2;
					};
					F76A0AF52BD1A2F0008E761B = {
						CreatedOnToolsVersion = 15.2;
						TestTargetID = F76A0ADF2BD1A2EF008E761B;
					};
					F76A0AFF2BD1A2F0008E761B = {
						CreatedOnToolsVersion = 15.2;
						TestTargetID = F76A0ADF2BD1A2EF008E761B;
					};
				};
			};
			buildConfigurationList = F76A0ADB2BD1A2EF008E761B /* Build configuration list for PBXProject "WalletBudgetAndMoney" */;
			compatibilityVersion = "Xcode 14.0";
			developmentRegion = en;
			hasScannedForEncodings = 0;
			knownRegions = (
				en,
				Base,
			);
			mainGroup = F76A0AD72BD1A2EF008E761B;
			productRefGroup = F76A0AE12BD1A2EF008E761B /* Products */;
			projectDirPath = "";
			projectRoot = "";
			targets = (
				F76A0ADF2BD1A2EF008E761B /* WalletBudgetAndMoney */,
				F76A0AF52BD1A2F0008E761B /* WalletBudgetAndMoneyTests */,
				F76A0AFF2BD1A2F0008E761B /* WalletBudgetAndMoneyUITests */,
			);
		};
/* End PBXProject section */

/* Begin PBXResourcesBuildPhase section */
		F76A0ADE2BD1A2EF008E761B /* Resources */ = {
			isa = PBXResourcesBuildPhase;
			buildActionMask = 2147483647;
			files = (
				F76A0AF02BD1A2F0008E761B /* LaunchScreen.storyboard in Resources */,
				F76A0AED2BD1A2F0008E761B /* Assets.xcassets in Resources */,
				F76A0AEB2BD1A2EF008E761B /* Main.storyboard in Resources */,
			);
			runOnlyForDeploymentPostprocessing = 0;
		};
		F76A0AF42BD1A2F0008E761B /* Resources */ = {
			isa = PBXResourcesBuildPhase;
			buildActionMask = 2147483647;
			files = (
			);
			runOnlyForDeploymentPostprocessing = 0;
		};
		F76A0AFE2BD1A2F0008E761B /* Resources */ = {
			isa = PBXResourcesBuildPhase;
			buildActionMask = 2147483647;
			files = (
			);
			runOnlyForDeploymentPostprocessing = 0;
		};
/* End PBXResourcesBuildPhase section */

/* Begin PBXSourcesBuildPhase section */
		F76A0ADC2BD1A2EF008E761B /* Sources */ = {
			isa = PBXSourcesBuildPhase;
			buildActionMask = 2147483647;
			files = (
				F76A0B202BDA959C008E761B /* CashFlowCollectionViewCell.swift in Sources */,
				F76A0B392BDC4D85008E761B /* CashFlowViewController.swift in Sources */,
				F7365F5A2BE2A5BF006A0A9B /* TabBarController.swift in Sources */,
				F76A0B162BD29D70008E761B /* CellItem.swift in Sources */,
				F7DE967B2BF3ABEA00AF7373 /* UserDefaultsManager.swift in Sources */,
				F76A0B262BDAA04C008E761B /* AccountsAddCollectionViewCell.swift in Sources */,
				F7BD1DC32BE6CD44007CEA09 /* AccountTypeViewController.swift in Sources */,
				F7EAB6522BE9555F00992D1D /* FirstBalanceViewController.swift in Sources */,
				F76A0B142BD29CB4008E761B /* AccountsCollectionViewCell.swift in Sources */,
				F7DE967D2BF3DB6600AF7373 /* SetFirstMoneyViewController.swift in Sources */,
				F76A0B222BDA95B4008E761B /* TopExpensesCollectionViewCell.swift in Sources */,
				F76A0B1C2BD69E56008E761B /* LastRecordsTableViewCell.swift in Sources */,
				F7BD1DC52BE8B679007CEA09 /* CustomKeyboardViewController.swift in Sources */,
				F76A0B492BDFE84E008E761B /* ChangeBalanceDateTableViewCell.swift in Sources */,
				F7639AB72BE4E46500507D75 /* MainVCModel.swift in Sources */,
				F72BF7072BE5255000FC9AD2 /* ChooseDataViewController.swift in Sources */,
				F76A0B1A2BD5BFC9008E761B /* Resources.swift in Sources */,
				F76A0B3B2BDC4DA1008E761B /* LastRecordsViewController.swift in Sources */,
				F76A0B452BDD4502008E761B /* ChangeBalanceViewController.swift in Sources */,
				F76A0AE82BD1A2EF008E761B /* MainViewController.swift in Sources */,
				F76A0B4B2BE0605E008E761B /* CategoryViewController.swift in Sources */,
				F76D33232BE50A2B0056C1DA /* SettingsAccountViewController.swift in Sources */,
				F7DE96792BF27A1E00AF7373 /* SegmentControlView.swift in Sources */,
				F76A0B1E2BDA9579008E761B /* LastRecordsCollectionViewCell.swift in Sources */,
				F7A31CF52BE97FCD0076AC50 /* UIViewController+AlertVC.swift in Sources */,
				F76A0B3D2BDC4DB5008E761B /* TopExpensesViewController.swift in Sources */,
				F76A0AE42BD1A2EF008E761B /* AppDelegate.swift in Sources */,
				F76A0B242BDA9662008E761B /* UIView+StringToNSAttrString.swift in Sources */,
				F7BD1DC12BE6C7ED007CEA09 /* CurrencyViewController.swift in Sources */,
				F76A0B472BDD7224008E761B /* ChangeBalanceTableViewCell.swift in Sources */,
				F7DE96772BF2765400AF7373 /* AllExpensesCollectionViewCell.swift in Sources */,
				F76A0AE62BD1A2EF008E761B /* SceneDelegate.swift in Sources */,
				F784DC802BE96A310074B855 /* ChooseAccountViewController.swift in Sources */,
				F76A0B3F2BDC6D60008E761B /* HeaderView.swift in Sources */,
				F76A0B4F2BE114DB008E761B /* StatisticsCollectionViewCell.swift in Sources */,
				F76A0B4D2BE1130B008E761B /* StatisticsViewController.swift in Sources */,
			);
			runOnlyForDeploymentPostprocessing = 0;
		};
		F76A0AF22BD1A2F0008E761B /* Sources */ = {
			isa = PBXSourcesBuildPhase;
			buildActionMask = 2147483647;
			files = (
			);
			runOnlyForDeploymentPostprocessing = 0;
		};
		F76A0AFC2BD1A2F0008E761B /* Sources */ = {
			isa = PBXSourcesBuildPhase;
			buildActionMask = 2147483647;
			files = (
			);
			runOnlyForDeploymentPostprocessing = 0;
		};
/* End PBXSourcesBuildPhase section */

/* Begin PBXTargetDependency section */
		F76A0AF82BD1A2F0008E761B /* PBXTargetDependency */ = {
			isa = PBXTargetDependency;
			target = F76A0ADF2BD1A2EF008E761B /* WalletBudgetAndMoney */;
			targetProxy = F76A0AF72BD1A2F0008E761B /* PBXContainerItemProxy */;
		};
		F76A0B022BD1A2F0008E761B /* PBXTargetDependency */ = {
			isa = PBXTargetDependency;
			target = F76A0ADF2BD1A2EF008E761B /* WalletBudgetAndMoney */;
			targetProxy = F76A0B012BD1A2F0008E761B /* PBXContainerItemProxy */;
		};
/* End PBXTargetDependency section */

/* Begin PBXVariantGroup section */
		F76A0AE92BD1A2EF008E761B /* Main.storyboard */ = {
			isa = PBXVariantGroup;
			children = (
				F76A0AEA2BD1A2EF008E761B /* Base */,
			);
			name = Main.storyboard;
			sourceTree = "<group>";
		};
		F76A0AEE2BD1A2F0008E761B /* LaunchScreen.storyboard */ = {
			isa = PBXVariantGroup;
			children = (
				F76A0AEF2BD1A2F0008E761B /* Base */,
			);
			name = LaunchScreen.storyboard;
			sourceTree = "<group>";
		};
/* End PBXVariantGroup section */

/* Begin XCBuildConfiguration section */
		F76A0B082BD1A2F0008E761B /* Debug */ = {
			isa = XCBuildConfiguration;
			buildSettings = {
				ALWAYS_SEARCH_USER_PATHS = NO;
				ASSETCATALOG_COMPILER_GENERATE_SWIFT_ASSET_SYMBOL_EXTENSIONS = YES;
				CLANG_ANALYZER_NONNULL = YES;
				CLANG_ANALYZER_NUMBER_OBJECT_CONVERSION = YES_AGGRESSIVE;
				CLANG_CXX_LANGUAGE_STANDARD = "gnu++20";
				CLANG_ENABLE_MODULES = YES;
				CLANG_ENABLE_OBJC_ARC = YES;
				CLANG_ENABLE_OBJC_WEAK = YES;
				CLANG_WARN_BLOCK_CAPTURE_AUTORELEASING = YES;
				CLANG_WARN_BOOL_CONVERSION = YES;
				CLANG_WARN_COMMA = YES;
				CLANG_WARN_CONSTANT_CONVERSION = YES;
				CLANG_WARN_DEPRECATED_OBJC_IMPLEMENTATIONS = YES;
				CLANG_WARN_DIRECT_OBJC_ISA_USAGE = YES_ERROR;
				CLANG_WARN_DOCUMENTATION_COMMENTS = YES;
				CLANG_WARN_EMPTY_BODY = YES;
				CLANG_WARN_ENUM_CONVERSION = YES;
				CLANG_WARN_INFINITE_RECURSION = YES;
				CLANG_WARN_INT_CONVERSION = YES;
				CLANG_WARN_NON_LITERAL_NULL_CONVERSION = YES;
				CLANG_WARN_OBJC_IMPLICIT_RETAIN_SELF = YES;
				CLANG_WARN_OBJC_LITERAL_CONVERSION = YES;
				CLANG_WARN_OBJC_ROOT_CLASS = YES_ERROR;
				CLANG_WARN_QUOTED_INCLUDE_IN_FRAMEWORK_HEADER = YES;
				CLANG_WARN_RANGE_LOOP_ANALYSIS = YES;
				CLANG_WARN_STRICT_PROTOTYPES = YES;
				CLANG_WARN_SUSPICIOUS_MOVE = YES;
				CLANG_WARN_UNGUARDED_AVAILABILITY = YES_AGGRESSIVE;
				CLANG_WARN_UNREACHABLE_CODE = YES;
				CLANG_WARN__DUPLICATE_METHOD_MATCH = YES;
				COPY_PHASE_STRIP = NO;
				DEBUG_INFORMATION_FORMAT = dwarf;
				ENABLE_STRICT_OBJC_MSGSEND = YES;
				ENABLE_TESTABILITY = YES;
				ENABLE_USER_SCRIPT_SANDBOXING = NO;
				GCC_C_LANGUAGE_STANDARD = gnu17;
				GCC_DYNAMIC_NO_PIC = NO;
				GCC_NO_COMMON_BLOCKS = YES;
				GCC_OPTIMIZATION_LEVEL = 0;
				GCC_PREPROCESSOR_DEFINITIONS = (
					"DEBUG=1",
					"$(inherited)",
				);
				GCC_WARN_64_TO_32_BIT_CONVERSION = YES;
				GCC_WARN_ABOUT_RETURN_TYPE = YES_ERROR;
				GCC_WARN_UNDECLARED_SELECTOR = YES;
				GCC_WARN_UNINITIALIZED_AUTOS = YES_AGGRESSIVE;
				GCC_WARN_UNUSED_FUNCTION = YES;
				GCC_WARN_UNUSED_VARIABLE = YES;
				IPHONEOS_DEPLOYMENT_TARGET = 17.2;
				LOCALIZATION_PREFERS_STRING_CATALOGS = YES;
				MTL_ENABLE_DEBUG_INFO = INCLUDE_SOURCE;
				MTL_FAST_MATH = YES;
				ONLY_ACTIVE_ARCH = YES;
				SDKROOT = iphoneos;
				SWIFT_ACTIVE_COMPILATION_CONDITIONS = "DEBUG $(inherited)";
				SWIFT_OPTIMIZATION_LEVEL = "-Onone";
			};
			name = Debug;
		};
		F76A0B092BD1A2F0008E761B /* Release */ = {
			isa = XCBuildConfiguration;
			buildSettings = {
				ALWAYS_SEARCH_USER_PATHS = NO;
				ASSETCATALOG_COMPILER_GENERATE_SWIFT_ASSET_SYMBOL_EXTENSIONS = YES;
				CLANG_ANALYZER_NONNULL = YES;
				CLANG_ANALYZER_NUMBER_OBJECT_CONVERSION = YES_AGGRESSIVE;
				CLANG_CXX_LANGUAGE_STANDARD = "gnu++20";
				CLANG_ENABLE_MODULES = YES;
				CLANG_ENABLE_OBJC_ARC = YES;
				CLANG_ENABLE_OBJC_WEAK = YES;
				CLANG_WARN_BLOCK_CAPTURE_AUTORELEASING = YES;
				CLANG_WARN_BOOL_CONVERSION = YES;
				CLANG_WARN_COMMA = YES;
				CLANG_WARN_CONSTANT_CONVERSION = YES;
				CLANG_WARN_DEPRECATED_OBJC_IMPLEMENTATIONS = YES;
				CLANG_WARN_DIRECT_OBJC_ISA_USAGE = YES_ERROR;
				CLANG_WARN_DOCUMENTATION_COMMENTS = YES;
				CLANG_WARN_EMPTY_BODY = YES;
				CLANG_WARN_ENUM_CONVERSION = YES;
				CLANG_WARN_INFINITE_RECURSION = YES;
				CLANG_WARN_INT_CONVERSION = YES;
				CLANG_WARN_NON_LITERAL_NULL_CONVERSION = YES;
				CLANG_WARN_OBJC_IMPLICIT_RETAIN_SELF = YES;
				CLANG_WARN_OBJC_LITERAL_CONVERSION = YES;
				CLANG_WARN_OBJC_ROOT_CLASS = YES_ERROR;
				CLANG_WARN_QUOTED_INCLUDE_IN_FRAMEWORK_HEADER = YES;
				CLANG_WARN_RANGE_LOOP_ANALYSIS = YES;
				CLANG_WARN_STRICT_PROTOTYPES = YES;
				CLANG_WARN_SUSPICIOUS_MOVE = YES;
				CLANG_WARN_UNGUARDED_AVAILABILITY = YES_AGGRESSIVE;
				CLANG_WARN_UNREACHABLE_CODE = YES;
				CLANG_WARN__DUPLICATE_METHOD_MATCH = YES;
				COPY_PHASE_STRIP = NO;
				DEBUG_INFORMATION_FORMAT = "dwarf-with-dsym";
				ENABLE_NS_ASSERTIONS = NO;
				ENABLE_STRICT_OBJC_MSGSEND = YES;
				ENABLE_USER_SCRIPT_SANDBOXING = NO;
				GCC_C_LANGUAGE_STANDARD = gnu17;
				GCC_NO_COMMON_BLOCKS = YES;
				GCC_WARN_64_TO_32_BIT_CONVERSION = YES;
				GCC_WARN_ABOUT_RETURN_TYPE = YES_ERROR;
				GCC_WARN_UNDECLARED_SELECTOR = YES;
				GCC_WARN_UNINITIALIZED_AUTOS = YES_AGGRESSIVE;
				GCC_WARN_UNUSED_FUNCTION = YES;
				GCC_WARN_UNUSED_VARIABLE = YES;
				IPHONEOS_DEPLOYMENT_TARGET = 17.2;
				LOCALIZATION_PREFERS_STRING_CATALOGS = YES;
				MTL_ENABLE_DEBUG_INFO = NO;
				MTL_FAST_MATH = YES;
				SDKROOT = iphoneos;
				SWIFT_COMPILATION_MODE = wholemodule;
				VALIDATE_PRODUCT = YES;
			};
			name = Release;
		};
		F76A0B0B2BD1A2F0008E761B /* Debug */ = {
			isa = XCBuildConfiguration;
			buildSettings = {
				ASSETCATALOG_COMPILER_APPICON_NAME = AppIcon;
				ASSETCATALOG_COMPILER_GLOBAL_ACCENT_COLOR_NAME = AccentColor;
				CODE_SIGN_STYLE = Automatic;
				CURRENT_PROJECT_VERSION = 1;
				DEVELOPMENT_TEAM = LCRJL3NRC8;
				GENERATE_INFOPLIST_FILE = YES;
				INFOPLIST_FILE = WalletBudgetAndMoney/Info.plist;
				INFOPLIST_KEY_CFBundleDisplayName = WalletApp;
				INFOPLIST_KEY_UIApplicationSupportsIndirectInputEvents = YES;
				INFOPLIST_KEY_UILaunchStoryboardName = LaunchScreen;
				INFOPLIST_KEY_UIMainStoryboardFile = Main;
				INFOPLIST_KEY_UISupportedInterfaceOrientations_iPad = "UIInterfaceOrientationPortrait UIInterfaceOrientationPortraitUpsideDown UIInterfaceOrientationLandscapeLeft UIInterfaceOrientationLandscapeRight";
				INFOPLIST_KEY_UISupportedInterfaceOrientations_iPhone = "UIInterfaceOrientationPortrait UIInterfaceOrientationLandscapeLeft UIInterfaceOrientationLandscapeRight";
				LD_RUNPATH_SEARCH_PATHS = (
					"$(inherited)",
					"@executable_path/Frameworks",
				);
				MARKETING_VERSION = 1.0;
				PRODUCT_BUNDLE_IDENTIFIER = IvanZnak.WalletBudgetAndMoney;
				PRODUCT_NAME = "$(TARGET_NAME)";
				SWIFT_EMIT_LOC_STRINGS = YES;
				SWIFT_VERSION = 5.0;
				TARGETED_DEVICE_FAMILY = "1,2";
			};
			name = Debug;
		};
		F76A0B0C2BD1A2F0008E761B /* Release */ = {
			isa = XCBuildConfiguration;
			buildSettings = {
				ASSETCATALOG_COMPILER_APPICON_NAME = AppIcon;
				ASSETCATALOG_COMPILER_GLOBAL_ACCENT_COLOR_NAME = AccentColor;
				CODE_SIGN_STYLE = Automatic;
				CURRENT_PROJECT_VERSION = 1;
				DEVELOPMENT_TEAM = LCRJL3NRC8;
				GENERATE_INFOPLIST_FILE = YES;
				INFOPLIST_FILE = WalletBudgetAndMoney/Info.plist;
				INFOPLIST_KEY_CFBundleDisplayName = WalletApp;
				INFOPLIST_KEY_UIApplicationSupportsIndirectInputEvents = YES;
				INFOPLIST_KEY_UILaunchStoryboardName = LaunchScreen;
				INFOPLIST_KEY_UIMainStoryboardFile = Main;
				INFOPLIST_KEY_UISupportedInterfaceOrientations_iPad = "UIInterfaceOrientationPortrait UIInterfaceOrientationPortraitUpsideDown UIInterfaceOrientationLandscapeLeft UIInterfaceOrientationLandscapeRight";
				INFOPLIST_KEY_UISupportedInterfaceOrientations_iPhone = "UIInterfaceOrientationPortrait UIInterfaceOrientationLandscapeLeft UIInterfaceOrientationLandscapeRight";
				LD_RUNPATH_SEARCH_PATHS = (
					"$(inherited)",
					"@executable_path/Frameworks",
				);
				MARKETING_VERSION = 1.0;
				PRODUCT_BUNDLE_IDENTIFIER = IvanZnak.WalletBudgetAndMoney;
				PRODUCT_NAME = "$(TARGET_NAME)";
				SWIFT_EMIT_LOC_STRINGS = YES;
				SWIFT_VERSION = 5.0;
				TARGETED_DEVICE_FAMILY = "1,2";
			};
			name = Release;
		};
		F76A0B0E2BD1A2F0008E761B /* Debug */ = {
			isa = XCBuildConfiguration;
			buildSettings = {
				ALWAYS_EMBED_SWIFT_STANDARD_LIBRARIES = YES;
				BUNDLE_LOADER = "$(TEST_HOST)";
				CODE_SIGN_STYLE = Automatic;
				CURRENT_PROJECT_VERSION = 1;
				DEVELOPMENT_TEAM = LCRJL3NRC8;
				GENERATE_INFOPLIST_FILE = YES;
				IPHONEOS_DEPLOYMENT_TARGET = 17.2;
				MARKETING_VERSION = 1.0;
				PRODUCT_BUNDLE_IDENTIFIER = "IvanZnak.WalletBudget-MoneyTests";
				PRODUCT_NAME = "$(TARGET_NAME)";
				SWIFT_EMIT_LOC_STRINGS = NO;
				SWIFT_VERSION = 5.0;
				TARGETED_DEVICE_FAMILY = "1,2";
				TEST_HOST = "$(BUILT_PRODUCTS_DIR)/WalletBudgetAndMoney.app/$(BUNDLE_EXECUTABLE_FOLDER_PATH)/WalletBudgetAndMoney";
			};
			name = Debug;
		};
		F76A0B0F2BD1A2F0008E761B /* Release */ = {
			isa = XCBuildConfiguration;
			buildSettings = {
				ALWAYS_EMBED_SWIFT_STANDARD_LIBRARIES = YES;
				BUNDLE_LOADER = "$(TEST_HOST)";
				CODE_SIGN_STYLE = Automatic;
				CURRENT_PROJECT_VERSION = 1;
				DEVELOPMENT_TEAM = LCRJL3NRC8;
				GENERATE_INFOPLIST_FILE = YES;
				IPHONEOS_DEPLOYMENT_TARGET = 17.2;
				MARKETING_VERSION = 1.0;
				PRODUCT_BUNDLE_IDENTIFIER = "IvanZnak.WalletBudget-MoneyTests";
				PRODUCT_NAME = "$(TARGET_NAME)";
				SWIFT_EMIT_LOC_STRINGS = NO;
				SWIFT_VERSION = 5.0;
				TARGETED_DEVICE_FAMILY = "1,2";
				TEST_HOST = "$(BUILT_PRODUCTS_DIR)/WalletBudgetAndMoney.app/$(BUNDLE_EXECUTABLE_FOLDER_PATH)/WalletBudgetAndMoney";
			};
			name = Release;
		};
		F76A0B112BD1A2F0008E761B /* Debug */ = {
			isa = XCBuildConfiguration;
			buildSettings = {
				ALWAYS_EMBED_SWIFT_STANDARD_LIBRARIES = YES;
				CODE_SIGN_STYLE = Automatic;
				CURRENT_PROJECT_VERSION = 1;
				DEVELOPMENT_TEAM = LCRJL3NRC8;
				GENERATE_INFOPLIST_FILE = YES;
				MARKETING_VERSION = 1.0;
				PRODUCT_BUNDLE_IDENTIFIER = "IvanZnak.WalletBudget-MoneyUITests";
				PRODUCT_NAME = "$(TARGET_NAME)";
				SWIFT_EMIT_LOC_STRINGS = NO;
				SWIFT_VERSION = 5.0;
				TARGETED_DEVICE_FAMILY = "1,2";
				TEST_TARGET_NAME = "WalletBudget&Money";
			};
			name = Debug;
		};
		F76A0B122BD1A2F0008E761B /* Release */ = {
			isa = XCBuildConfiguration;
			buildSettings = {
				ALWAYS_EMBED_SWIFT_STANDARD_LIBRARIES = YES;
				CODE_SIGN_STYLE = Automatic;
				CURRENT_PROJECT_VERSION = 1;
				DEVELOPMENT_TEAM = LCRJL3NRC8;
				GENERATE_INFOPLIST_FILE = YES;
				MARKETING_VERSION = 1.0;
				PRODUCT_BUNDLE_IDENTIFIER = "IvanZnak.WalletBudget-MoneyUITests";
				PRODUCT_NAME = "$(TARGET_NAME)";
				SWIFT_EMIT_LOC_STRINGS = NO;
				SWIFT_VERSION = 5.0;
				TARGETED_DEVICE_FAMILY = "1,2";
				TEST_TARGET_NAME = "WalletBudget&Money";
			};
			name = Release;
		};
/* End XCBuildConfiguration section */

/* Begin XCConfigurationList section */
		F76A0ADB2BD1A2EF008E761B /* Build configuration list for PBXProject "WalletBudgetAndMoney" */ = {
			isa = XCConfigurationList;
			buildConfigurations = (
				F76A0B082BD1A2F0008E761B /* Debug */,
				F76A0B092BD1A2F0008E761B /* Release */,
			);
			defaultConfigurationIsVisible = 0;
			defaultConfigurationName = Release;
		};
		F76A0B0A2BD1A2F0008E761B /* Build configuration list for PBXNativeTarget "WalletBudgetAndMoney" */ = {
			isa = XCConfigurationList;
			buildConfigurations = (
				F76A0B0B2BD1A2F0008E761B /* Debug */,
				F76A0B0C2BD1A2F0008E761B /* Release */,
			);
			defaultConfigurationIsVisible = 0;
			defaultConfigurationName = Release;
		};
		F76A0B0D2BD1A2F0008E761B /* Build configuration list for PBXNativeTarget "WalletBudgetAndMoneyTests" */ = {
			isa = XCConfigurationList;
			buildConfigurations = (
				F76A0B0E2BD1A2F0008E761B /* Debug */,
				F76A0B0F2BD1A2F0008E761B /* Release */,
			);
			defaultConfigurationIsVisible = 0;
			defaultConfigurationName = Release;
		};
		F76A0B102BD1A2F0008E761B /* Build configuration list for PBXNativeTarget "WalletBudgetAndMoneyUITests" */ = {
			isa = XCConfigurationList;
			buildConfigurations = (
				F76A0B112BD1A2F0008E761B /* Debug */,
				F76A0B122BD1A2F0008E761B /* Release */,
			);
			defaultConfigurationIsVisible = 0;
			defaultConfigurationName = Release;
		};
/* End XCConfigurationList section */
	};
	rootObject = F76A0AD82BD1A2EF008E761B /* Project object */;
}
